{
  "name": "social-auth",
  "version": "0.0.1",
  "lockfileVersion": 1,
  "requires": true,
  "dependencies": {
    "@angular/common": {
      "version": "4.1.2",
      "resolved": "https://registry.npmjs.org/@angular/common/-/common-4.1.2.tgz",
      "integrity": "sha1-j20ElsIEIQv+JV/rQ3pyJT8GmE0="
    },
    "@angular/compiler": {
      "version": "4.1.2",
      "resolved": "https://registry.npmjs.org/@angular/compiler/-/compiler-4.1.2.tgz",
      "integrity": "sha1-CVQjgRYv2N2WLYRVlJjOaaBQceo="
    },
    "@angular/compiler-cli": {
      "version": "4.1.2",
      "resolved": "https://registry.npmjs.org/@angular/compiler-cli/-/compiler-cli-4.1.2.tgz",
      "integrity": "sha1-tluomAMwwEhwKu0kKpVtrwJR8Co="
    },
    "@angular/core": {
      "version": "11.0.5",
      "resolved": "https://registry.npmjs.org/@angular/core/-/core-11.0.5.tgz",
      "integrity": "sha512-XAXWQi7R3ucZXQwx9QK5jSKJeQyRJ53u2dQDpr7R5stzeCy1a5hrNOkZLg9zOTTPcth/6+FrOrRZP9SMdxtw3w==",
      "requires": {
        "tslib": "^2.0.0"
      }
    },
    "@angular/forms": {
      "version": "4.1.2",
      "resolved": "https://registry.npmjs.org/@angular/forms/-/forms-4.1.2.tgz",
      "integrity": "sha1-gpg+nsXQgz564UvrjkfdNXyI9JA="
    },
    "@angular/http": {
      "version": "4.1.2",
      "resolved": "https://registry.npmjs.org/@angular/http/-/http-4.1.2.tgz",
      "integrity": "sha1-/DeMMzDAQQ4fuKrCVGMppoh3duQ="
    },
    "@angular/platform-browser": {
      "version": "4.1.2",
      "resolved": "https://registry.npmjs.org/@angular/platform-browser/-/platform-browser-4.1.2.tgz",
      "integrity": "sha1-FuUKj3W01nXJ4pA+SZ4P5MahJaw="
    },
    "@angular/platform-browser-dynamic": {
      "version": "4.1.2",
      "resolved": "https://registry.npmjs.org/@angular/platform-browser-dynamic/-/platform-browser-dynamic-4.1.2.tgz",
      "integrity": "sha1-0kHGF5LHlL7GJ6tksxpmvqIqu58="
    },
    "@ionic-native/core": {
      "version": "3.10.2",
      "resolved": "https://registry.npmjs.org/@ionic-native/core/-/core-3.10.2.tgz",
      "integrity": "sha1-RvzgHPmGNyK8RcoI2FYDjtpNdnY="
    },
    "@ionic-native/facebook": {
      "version": "3.12.1",
      "resolved": "https://registry.npmjs.org/@ionic-native/facebook/-/facebook-3.12.1.tgz",
      "integrity": "sha512-RayUsdDVGMUEm96yfWKPpQWA2s13uGhMSXPMIvAzfZuxf4dhYp6Kli9GBVb30duBa1BP7HD8zPuFCIo+a2zdzQ=="
    },
    "@ionic-native/google-plus": {
      "version": "3.12.1",
      "resolved": "https://registry.npmjs.org/@ionic-native/google-plus/-/google-plus-3.12.1.tgz",
      "integrity": "sha512-BjsDPxmd+ciHaM1GGj00butC5kiTPTSOn2Y6lwIK0R71dFG2zw0XST2bjvRnFWl8wINZYVJ8jKN26u8OGs2P7w=="
    },
    "@ionic-native/splash-screen": {
      "version": "3.10.2",
      "resolved": "https://registry.npmjs.org/@ionic-native/splash-screen/-/splash-screen-3.10.2.tgz",
      "integrity": "sha1-9dDKcYivo1LmVLSxRp4cNQMM7Vo="
    },
    "@ionic-native/status-bar": {
      "version": "3.10.2",
      "resolved": "https://registry.npmjs.org/@ionic-native/status-bar/-/status-bar-3.10.2.tgz",
      "integrity": "sha1-W2KGxLudj1dblNAA7o15b9Tyzek="
    },
    "@ionic/app-scripts": {
      "version": "1.3.7",
      "resolved": "https://registry.npmjs.org/@ionic/app-scripts/-/app-scripts-1.3.7.tgz",
      "integrity": "sha1-T2O+sOp19jQCqE4oWn6F3/ui6zY=",
      "dev": true
    },
    "@ionic/cli-plugin-cordova": {
      "version": "1.3.0",
      "resolved": "https://registry.npmjs.org/@ionic/cli-plugin-cordova/-/cli-plugin-cordova-1.3.0.tgz",
      "integrity": "sha512-GF43t7+SpJwG/Lt0YeVkBpNE4IK5Ys2pES55F7ZWbs9npqKw2gk+bTZLCDYm02n0b4GEQnnWfArbxZ7yuM+/pA==",
      "dev": true
    },
    "@ionic/cli-plugin-ionic-angular": {
      "version": "1.3.0",
      "resolved": "https://registry.npmjs.org/@ionic/cli-plugin-ionic-angular/-/cli-plugin-ionic-angular-1.3.0.tgz",
      "integrity": "sha512-q2ah24qizodkEVdWjs8VsfZOl89mg2lyPELCt5psNKBQW1/YjQtc00CvFEZsUojiwc/eyQG44YHw5PPKFk9SAg==",
      "dev": true
    },
    "@ionic/storage": {
      "version": "2.0.1",
      "resolved": "https://registry.npmjs.org/@ionic/storage/-/storage-2.0.1.tgz",
      "integrity": "sha1-uxqMJ2AH0AjXrN2kJrVgZbD9PAs="
    },
    "angularfire2": {
      "version": "4.0.0-rc.1",
      "resolved": "https://registry.npmjs.org/angularfire2/-/angularfire2-4.0.0-rc.1.tgz",
      "integrity": "sha1-1zAUrFQxwEWO6VMhT3mVOgZSjD8="
    },
    "cordova-android": {
      "version": "6.2.3",
      "resolved": "https://registry.npmjs.org/cordova-android/-/cordova-android-6.2.3.tgz",
      "integrity": "sha1-JJ8hts5fHxyEenq4OxaQnb7Vqig=",
      "dependencies": {
        "abbrev": {
          "version": "1.1.0",
          "bundled": true
        },
        "ansi": {
          "version": "0.3.1",
          "bundled": true
        },
        "balanced-match": {
          "version": "0.4.2",
          "bundled": true
        },
        "base64-js": {
          "version": "0.0.8",
          "bundled": true
        },
        "big-integer": {
          "version": "1.6.22",
          "bundled": true
        },
        "bplist-parser": {
          "version": "0.1.1",
          "bundled": true
        },
        "brace-expansion": {
          "version": "1.1.7",
          "bundled": true
        },
        "concat-map": {
          "version": "0.0.1",
          "bundled": true
        },
        "cordova-common": {
          "version": "2.0.2",
          "bundled": true
        },
        "cordova-registry-mapper": {
          "version": "1.1.15",
          "bundled": true
        },
        "elementtree": {
          "version": "0.1.6",
          "bundled": true
        },
        "glob": {
          "version": "5.0.15",
          "bundled": true
        },
        "inflight": {
          "version": "1.0.6",
          "bundled": true
        },
        "inherits": {
          "version": "2.0.3",
          "bundled": true
        },
        "lodash": {
          "version": "3.10.1",
          "bundled": true
        },
        "minimatch": {
          "version": "3.0.3",
          "bundled": true
        },
        "nopt": {
          "version": "3.0.6",
          "bundled": true
        },
        "once": {
          "version": "1.4.0",
          "bundled": true
        },
        "os-homedir": {
          "version": "1.0.2",
          "bundled": true
        },
        "os-tmpdir": {
          "version": "1.0.2",
          "bundled": true
        },
        "osenv": {
          "version": "0.1.4",
          "bundled": true
        },
        "path-is-absolute": {
          "version": "1.0.1",
          "bundled": true
        },
        "plist": {
          "version": "1.2.0",
          "bundled": true
        },
        "properties-parser": {
          "version": "0.2.3",
          "bundled": true
        },
        "q": {
          "version": "1.5.0",
          "bundled": true
        },
        "sax": {
          "version": "0.3.5",
          "bundled": true
        },
        "semver": {
          "version": "5.3.0",
          "bundled": true
        },
        "shelljs": {
          "version": "0.5.3",
          "bundled": true
        },
        "underscore": {
          "version": "1.8.3",
          "bundled": true
        },
        "unorm": {
          "version": "1.4.1",
          "bundled": true
        },
        "util-deprecate": {
          "version": "1.0.2",
          "bundled": true
        },
        "wrappy": {
          "version": "1.0.2",
          "bundled": true
        },
        "xmlbuilder": {
          "version": "4.0.0",
          "bundled": true
        },
        "xmldom": {
          "version": "0.1.27",
          "bundled": true
        }
      }
    },
    "cordova-plugin-console": {
      "version": "1.1.0",
      "resolved": "https://registry.npmjs.org/cordova-plugin-console/-/cordova-plugin-console-1.1.0.tgz",
      "integrity": "sha512-aWJzLaGoyu+FsFBzysjpEyeJrZ6f09BZyDgM3dbTrUOLwLLPBVMlzDeCxyZ9ck0YoVsVfEoWJzstshuNNfyrHQ=="
    },
    "cordova-plugin-device": {
      "version": "1.1.4",
      "resolved": "https://registry.npmjs.org/cordova-plugin-device/-/cordova-plugin-device-1.1.4.tgz",
      "integrity": "sha1-1f50cSBp0D9tOG7wvTIbOr0NONw="
    },
    "cordova-plugin-facebook4": {
      "version": "6.4.0",
      "resolved": "https://registry.npmjs.org/cordova-plugin-facebook4/-/cordova-plugin-facebook4-6.4.0.tgz",
      "integrity": "sha512-uonmPVPR5glmJfQcMJeiMtqflJYTChrcSNouZDXWjWZkObq4lCOZzOL2cC6FBeyhj+1zJE+pFh+2WZL9wIlHIg=="
    },
    "cordova-plugin-googleplus": {
      "version": "5.1.1",
      "resolved": "https://registry.npmjs.org/cordova-plugin-googleplus/-/cordova-plugin-googleplus-5.1.1.tgz",
      "integrity": "sha1-1sKszvSGGbqdWrzJeDzzGmrxSh0="
    },
    "cordova-plugin-splashscreen": {
      "version": "4.0.3",
      "resolved": "https://registry.npmjs.org/cordova-plugin-splashscreen/-/cordova-plugin-splashscreen-4.0.3.tgz",
      "integrity": "sha1-dzzRNjwfO6y5kBZj6eN5PdPgoZ0="
    },
    "cordova-plugin-statusbar": {
      "version": "2.2.2",
      "resolved": "https://registry.npmjs.org/cordova-plugin-statusbar/-/cordova-plugin-statusbar-2.2.2.tgz",
      "integrity": "sha1-nFM0JqKb0ojnOx86iXLuFkRQ+2s="
    },
    "cordova-plugin-whitelist": {
      "version": "1.3.1",
      "resolved": "https://registry.npmjs.org/cordova-plugin-whitelist/-/cordova-plugin-whitelist-1.3.1.tgz",
      "integrity": "sha1-n9Hbf9bJVpUdNHcc3Nl/Zs7VFt8="
    },
    "firebase": {
      "version": "4.1.1",
      "resolved": "https://registry.npmjs.org/firebase/-/firebase-4.1.1.tgz",
      "integrity": "sha1-LGoHxVDhO5QE44ZmtkY5Wxr215I=",
      "dependencies": {
        "base64url": {
          "version": "https://registry.npmjs.org/base64url/-/base64url-2.0.0.tgz",
          "integrity": "sha1-6sFuA+oUOO/5Qj1puqNiYu0fcLs="
        },
        "buffer-equal-constant-time": {
          "version": "https://registry.npmjs.org/buffer-equal-constant-time/-/buffer-equal-constant-time-1.0.1.tgz",
          "integrity": "sha1-+OcRMvf/5uAaXJaXpMbz5I1cyBk="
        },
        "dom-storage": {
          "version": "https://registry.npmjs.org/dom-storage/-/dom-storage-2.0.2.tgz",
          "integrity": "sha1-7RfL9oq9EOCu+BgnE+KXxeS1ALA="
        },
        "ecdsa-sig-formatter": {
          "version": "https://registry.npmjs.org/ecdsa-sig-formatter/-/ecdsa-sig-formatter-1.0.9.tgz",
          "integrity": "sha1-S8kmJ07Dtau1AW5+HWCSGsJisqE="
        },
        "faye-websocket": {
          "version": "https://registry.npmjs.org/faye-websocket/-/faye-websocket-0.9.3.tgz",
          "integrity": "sha1-SCpQWw3wrmJrlphm0710DNuWLoM="
        },
        "hoek": {
          "version": "https://registry.npmjs.org/hoek/-/hoek-2.16.3.tgz",
          "integrity": "sha1-ILt0A9POo5jpHcRxCo/xuCdKJe0="
        },
        "isemail": {
          "version": "https://registry.npmjs.org/isemail/-/isemail-1.2.0.tgz",
          "integrity": "sha1-vgPfjMPineTSxd9lASY/H6RZXpo="
        },
        "joi": {
          "version": "https://registry.npmjs.org/joi/-/joi-6.10.1.tgz",
          "integrity": "sha1-TVDDGAeRIgAP5fFq8f+OGRe3fgY="
        },
        "jsonwebtoken": {
          "version": "https://registry.npmjs.org/jsonwebtoken/-/jsonwebtoken-7.4.1.tgz",
          "integrity": "sha1-fKMk9SFfi+A5zTWmxFu4y3SkSPs="
        },
        "jwa": {
          "version": "https://registry.npmjs.org/jwa/-/jwa-1.1.5.tgz",
          "integrity": "sha1-oFUs4CIHQs1S4VN3SjKQXDDnVuU="
        },
        "jws": {
          "version": "https://registry.npmjs.org/jws/-/jws-3.1.4.tgz",
          "integrity": "sha1-+ei5M46KhHJ31kRLFGT2GIDgUKI="
        },
        "lodash.once": {
          "version": "https://registry.npmjs.org/lodash.once/-/lodash.once-4.1.1.tgz",
          "integrity": "sha1-DdOXEhPHxW34gJd9UEyI+0cal6w="
        },
        "moment": {
          "version": "https://registry.npmjs.org/moment/-/moment-2.18.1.tgz",
          "integrity": "sha1-w2GT3Tzhwu7SrbfIAtu8d6gbHA8="
        },
        "ms": {
          "version": "https://registry.npmjs.org/ms/-/ms-2.0.0.tgz",
          "integrity": "sha1-VgiurfwAvmwpAd9fmGF4jeDVl8g="
        },
        "promise-polyfill": {
          "version": "https://registry.npmjs.org/promise-polyfill/-/promise-polyfill-6.0.2.tgz",
          "integrity": "sha1-2chtPcTcLfkBboiUbe/Wm0m0EWI="
        },
        "safe-buffer": {
          "version": "https://registry.npmjs.org/safe-buffer/-/safe-buffer-5.0.1.tgz",
          "integrity": "sha1-0mPKVGls2KMGtcplUekt5XkY++c="
        },
        "topo": {
          "version": "https://registry.npmjs.org/topo/-/topo-1.1.0.tgz",
          "integrity": "sha1-6ddRYV0buH3IZdsYL6HKCl71NtU="
        },
        "websocket-driver": {
          "version": "https://registry.npmjs.org/websocket-driver/-/websocket-driver-0.6.5.tgz",
          "integrity": "sha1-XLJVbOuF9Dc8bYI4qmkchFThOjY="
        },
        "websocket-extensions": {
          "version": "https://registry.npmjs.org/websocket-extensions/-/websocket-extensions-0.1.1.tgz",
          "integrity": "sha1-domUmcGEtu91Q3fC27DNbLVdKec="
        },
        "xmlhttprequest": {
          "version": "https://registry.npmjs.org/xmlhttprequest/-/xmlhttprequest-1.8.0.tgz",
          "integrity": "sha1-Z/4HXFwk/vOfnWX197f+dRcZaPw="
        },
        "xtend": {
          "version": "https://registry.npmjs.org/xtend/-/xtend-4.0.1.tgz",
          "integrity": "sha1-pcbVMr5lbiPbgg77lDofBJmNY68="
        }
      }
    },
    "ionic-angular": {
      "version": "3.9.10",
      "resolved": "https://registry.npmjs.org/ionic-angular/-/ionic-angular-3.9.10.tgz",
      "integrity": "sha512-4nmGrdpu4Zy3SZwF0AaS/3gDrbFGU1dV+zn1eqInFgFj9q20N1cIITgvyIcoxUI/IoqYiohsJX1rGY5vB/HrhQ=="
    },
    "ionic-plugin-keyboard": {
      "version": "2.2.1",
      "resolved": "https://registry.npmjs.org/ionic-plugin-keyboard/-/ionic-plugin-keyboard-2.2.1.tgz",
      "integrity": "sha1-8qnhabvptVIkADR8n9bTRn7j+hI="
    },
    "ionicons": {
      "version": "3.0.0",
      "resolved": "https://registry.npmjs.org/ionicons/-/ionicons-3.0.0.tgz",
      "integrity": "sha1-QLja9P16MRUL0AIWD2ZJbiKpjDw="
    },
    "promise-polyfill": {
      "version": "6.0.2",
      "resolved": "https://registry.npmjs.org/promise-polyfill/-/promise-polyfill-6.0.2.tgz",
      "integrity": "sha1-2chtPcTcLfkBboiUbe/Wm0m0EWI="
    },
    "rxjs": {
      "version": "5.1.1",
      "resolved": "https://registry.npmjs.org/rxjs/-/rxjs-5.1.1.tgz",
      "integrity": "sha1-/EiSKWW8bF77zA/kbpCjr2QTens="
    },
    "sw-toolbox": {
      "version": "3.6.0",
      "resolved": "https://registry.npmjs.org/sw-toolbox/-/sw-toolbox-3.6.0.tgz",
      "integrity": "sha1-Jt8dHHA0hljk3qKIQxkUm3sxg7U="
    },
    "tslib": {
      "version": "2.4.0",
      "resolved": "https://registry.npmjs.org/tslib/-/tslib-2.4.0.tgz",
      "integrity": "sha512-d6xOpEDfsi2CZVlPQzGeux8XMwLT9hssAsaPYExaQMuYskwb+x1x7J371tWlbBdWHroy99KnVB6qIkUbs5X3UQ=="
    },
    "typescript": {
      "version": "2.3.3",
      "resolved": "https://registry.npmjs.org/typescript/-/typescript-2.3.3.tgz",
      "integrity": "sha1-ljnzw7QBSOjKl/4IpR3RiRu2viI=",
      "dev": true
    },
    "zone.js": {
      "version": "0.8.11",
      "resolved": "https://registry.npmjs.org/zone.js/-/zone.js-0.8.11.tgz",
      "integrity": "sha1-dCvvsX+8SaVxcSuMfYfljKJv2IY="
    }
  }
}
